
Microsoft Visual Studio Solution File, Format Version 11.00
# Visual Studio 2010
# SharpDevelop 4.4
Project("{FAE04EC0-301F-11D3-BF4B-00C04F79EFBC}") = "veri çartlama", "iş zekası\veri çartlama.csproj", "{2951CE24-8A68-4033-9901-C3977B69AAC9}"
EndProject
Global
	GlobalSection(SolutionConfigurationPlatforms) = preSolution
		Debug|Any CPU = Debug|Any CPU
		Release|Any CPU = Release|Any CPU
	EndGlobalSection
	GlobalSection(ProjectConfigurationPlatforms) = postSolution
		{2951CE24-8A68-4033-9901-C3977B69AAC9}.Debug|Any CPU.Build.0 = Debug|Any CPU
		{2951CE24-8A68-4033-9901-C3977B69AAC9}.Debug|Any CPU.ActiveCfg = Debug|Any CPU
		{2951CE24-8A68-4033-9901-C3977B69AAC9}.Release|Any CPU.Build.0 = Release|Any CPU
		{2951CE24-8A68-4033-9901-C3977B69AAC9}.Release|Any CPU.ActiveCfg = Release|Any CPU
	EndGlobalSection
EndGlobal
